# This file was autogenerated by Stack.
# You should not edit this file by hand.
# For more information, please see the documentation at:
#   https://docs.haskellstack.org/en/stable/lock_files

packages:
- completed:
    hackage: http-client-0.6.4.1@sha256:ea569e3ebc00e7bb68162fbdf85aa63e653b974eaff63df7b972e4296687e25c,5322
    pantry-tree:
      sha256: 8e6ebf17ad06cca8bdab0c2ceda13ed41dea0d793f1930f90f0542f9c66afff1
      size: 2458
  original:
    hackage: http-client-0.6.4.1@sha256:ea569e3ebc00e7bb68162fbdf85aa63e653b974eaff63df7b972e4296687e25c,5322
- completed:
    hackage: language-glsl-0.3.0@sha256:85c1e7bf2cf5d6e604b7a2899c27e2935033425944db200798e57849e64d4c81,1636
    pantry-tree:
      sha256: 64800d879b2d864171f72a7a717883540a0607d2d5ffb3be3378299fa80fdce5
      size: 582
  original:
    hackage: language-glsl-0.3.0@sha256:85c1e7bf2cf5d6e604b7a2899c27e2935033425944db200798e57849e64d4c81,1636
- completed:
    hackage: time-1.12.1@sha256:af1fafc1fb66e3d0afb66fb5ab8629f74c038bebd42c234b581aff7abc201089,6295
    pantry-tree:
      sha256: 96205222b57c39156ee646d710a4100a119dc28f211c57cacaf741f6c1bb35da
      size: 7208
  original:
    hackage: time-1.12.1@sha256:af1fafc1fb66e3d0afb66fb5ab8629f74c038bebd42c234b581aff7abc201089,6295
- completed:
    hackage: directory-1.3.7.0@sha256:4d59f9714700e69d139084b47204fc91f13f31546aac39d666279996192b0d11,2940
    pantry-tree:
      sha256: 88b74942886e886b22ac1f3f0f65168563df4848766f372aaf014f712d3abb9a
      size: 3433
  original:
    hackage: directory-1.3.7.0
- completed:
    hackage: unix-2.7.2.2@sha256:15f5365c5995634e45de1772b9504761504a310184e676bc2ef60a14536dbef9,3496
    pantry-tree:
      sha256: 36434ced74d679622d61b69e8d92e1bd632d9ef3e284c63094653b2e473b0553
      size: 3536
  original:
    hackage: unix-2.7.2.2
- completed:
    hackage: process-1.6.13.2@sha256:a6530a5698796e29d85817f74ca3ae20d2172fb9fa52b492c2e6816e1306bfe8,2963
    pantry-tree:
      sha256: 045d10d710f046aa69ab3dd3f425b9479820809d6c3ca1596e0b995bcf49ac7a
      size: 1543
  original:
    hackage: process-1.6.13.2
snapshots:
- completed:
    sha256: 8699812d2b2c1f83d6ad1261de9cf628ed36a1cfc14f19d67188e005e7a3a39d
    size: 586106
    url: https://raw.githubusercontent.com/commercialhaskell/stackage-snapshots/master/lts/18/20.yaml
  original:
    url: https://raw.githubusercontent.com/commercialhaskell/stackage-snapshots/master/lts/18/20.yaml
